
Microsoft Visual Studio Solution File, Format Version 11.00
# Visual Studio 2010
# SharpDevelop 4.3
Project("{FAE04EC0-301F-11D3-BF4B-00C04F79EFBC}") = "ProjectX_V3_Lib", "ProjectX_V3_Lib\ProjectX_V3_Lib.csproj", "{0F86A07F-7404-48D6-8C65-03A6B4C2C5E4}"
EndProject
Project("{FAE04EC0-301F-11D3-BF4B-00C04F79EFBC}") = "ProjectX_V3_Auth", "ProjectX_V3_Auth\ProjectX_V3_Auth.csproj", "{23E25BDC-446F-49F9-B5A6-DCC6ECDB5FD2}"
EndProject
Project("{FAE04EC0-301F-11D3-BF4B-00C04F79EFBC}") = "ProjectX_V3_Game", "ProjectX_V3_Game\ProjectX_V3_Game.csproj", "{1CC03FC0-24E4-464F-A0EB-B303AA44CD8C}"
EndProject
Global
	GlobalSection(SolutionConfigurationPlatforms) = preSolution
		Debug|Any CPU = Debug|Any CPU
		Release|Any CPU = Release|Any CPU
	EndGlobalSection
	GlobalSection(ProjectConfigurationPlatforms) = postSolution
		{0F86A07F-7404-48D6-8C65-03A6B4C2C5E4}.Debug|Any CPU.Build.0 = Debug|Any CPU
		{0F86A07F-7404-48D6-8C65-03A6B4C2C5E4}.Debug|Any CPU.ActiveCfg = Debug|Any CPU
		{0F86A07F-7404-48D6-8C65-03A6B4C2C5E4}.Release|Any CPU.Build.0 = Release|Any CPU
		{0F86A07F-7404-48D6-8C65-03A6B4C2C5E4}.Release|Any CPU.ActiveCfg = Release|Any CPU
		{23E25BDC-446F-49F9-B5A6-DCC6ECDB5FD2}.Debug|Any CPU.Build.0 = Debug|Any CPU
		{23E25BDC-446F-49F9-B5A6-DCC6ECDB5FD2}.Debug|Any CPU.ActiveCfg = Debug|Any CPU
		{23E25BDC-446F-49F9-B5A6-DCC6ECDB5FD2}.Release|Any CPU.Build.0 = Release|Any CPU
		{23E25BDC-446F-49F9-B5A6-DCC6ECDB5FD2}.Release|Any CPU.ActiveCfg = Release|Any CPU
		{1CC03FC0-24E4-464F-A0EB-B303AA44CD8C}.Debug|Any CPU.Build.0 = Debug|Any CPU
		{1CC03FC0-24E4-464F-A0EB-B303AA44CD8C}.Debug|Any CPU.ActiveCfg = Debug|Any CPU
		{1CC03FC0-24E4-464F-A0EB-B303AA44CD8C}.Release|Any CPU.Build.0 = Release|Any CPU
		{1CC03FC0-24E4-464F-A0EB-B303AA44CD8C}.Release|Any CPU.ActiveCfg = Release|Any CPU
	EndGlobalSection
EndGlobal
